// !$*UTF8*$!
{
	archiveVersion = 1;
	classes = {
	};
	objectVersion = 46;
	objects = {

/* Begin PBXBuildFile section */
		AD3996671F58A008006F03CA /* AppDelegate.swift in Sources */ = {isa = PBXBuildFile; fileRef = AD3996661F58A008006F03CA /* AppDelegate.swift */; };
		AD3996691F58A008006F03CA /* ViewController.swift in Sources */ = {isa = PBXBuildFile; fileRef = AD3996681F58A008006F03CA /* ViewController.swift */; };
		AD39966C1F58A008006F03CA /* Main.storyboard in Resources */ = {isa = PBXBuildFile; fileRef = AD39966A1F58A008006F03CA /* Main.storyboard */; };
		AD39966E1F58A008006F03CA /* Assets.xcassets in Resources */ = {isa = PBXBuildFile; fileRef = AD39966D1F58A008006F03CA /* Assets.xcassets */; };
		AD3996711F58A008006F03CA /* LaunchScreen.storyboard in Resources */ = {isa = PBXBuildFile; fileRef = AD39966F1F58A008006F03CA /* LaunchScreen.storyboard */; };
		AD3996791F58A7F4006F03CA /* sgundoViewController.swift in Sources */ = {isa = PBXBuildFile; fileRef = AD3996781F58A7F4006F03CA /* sgundoViewController.swift */; };
/* End PBXBuildFile section */

/* Begin PBXFileReference section */
		AD3996631F58A008006F03CA /* PiedraPapelyTijera.app */ = {isa = PBXFileReference; explicitFileType = wrapper.application; includeInIndex = 0; path = PiedraPapelyTijera.app; sourceTree = BUILT_PRODUCTS_DIR; };
		AD3996661F58A008006F03CA /* AppDelegate.swift */ = {isa = PBXFileReference; lastKnownFileType = sourcecode.swift; path = AppDelegate.swift; sourceTree = "<group>"; };
		AD3996681F58A008006F03CA /* ViewController.swift */ = {isa = PBXFileReference; lastKnownFileType = sourcecode.swift; path = ViewController.swift; sourceTree = "<group>"; };
		AD39966B1F58A008006F03CA /* Base */ = {isa = PBXFileReference; lastKnownFileType = file.storyboard; name = Base; path = Base.lproj/Main.storyboard; sourceTree = "<group>"; };
		AD39966D1F58A008006F03CA /* Assets.xcassets */ = {isa = PBXFileReference; lastKnownFileType = folder.assetcatalog; path = Assets.xcassets; sourceTree = "<group>"; };
		AD3996701F58A008006F03CA /* Base */ = {isa = PBXFileReference; lastKnownFileType = file.storyboard; name = Base; path = Base.lproj/LaunchScreen.storyboard; sourceTree = "<group>"; };
		AD3996721F58A008006F03CA /* Info.plist */ = {isa = PBXFileReference; lastKnownFileType = text.plist.xml; path = Info.plist; sourceTree = "<group>"; };
		AD3996781F58A7F4006F03CA /* sgundoViewController.swift */ = {isa = PBXFileReference; fileEncoding = 4; lastKnownFileType = sourcecode.swift; path = sgundoViewController.swift; sourceTree = "<group>"; };
/* End PBXFileReference section */

/* Begin PBXFrameworksBuildPhase section */
		AD3996601F58A008006F03CA /* Frameworks */ = {
			isa = PBXFrameworksBuildPhase;
			buildActionMask = 2147483647;
			files = (
			);
			runOnlyForDeploymentPostprocessing = 0;
		};
/* End PBXFrameworksBuildPhase section */

/* Begin PBXGroup section */
		AD39965A1F58A008006F03CA = {
			isa = PBXGroup;
			children = (
				AD3996651F58A008006F03CA /* PiedraPapelyTijera */,
				AD3996641F58A008006F03CA /* Products */,
			);
			sourceTree = "<group>";
		};
		AD3996641F58A008006F03CA /* Products */ = {
			isa = PBXGroup;
			children = (
				AD3996631F58A008006F03CA /* PiedraPapelyTijera.app */,
			);
			name = Products;
			sourceTree = "<group>";
		};
		AD3996651F58A008006F03CA /* PiedraPapelyTijera */ = {
			isa = PBXGroup;
			children = (
				AD3996661F58A008006F03CA /* AppDelegate.swift */,
				AD3996681F58A008006F03CA /* ViewController.swift */,
				AD39966A1F58A008006F03CA /* Main.storyboard */,
				AD3996781F58A7F4006F03CA /* sgundoViewController.swift */,
				AD39966D1F58A008006F03CA /* Assets.xcassets */,
				AD39966F1F58A008006F03CA /* LaunchScreen.storyboard */,
				AD3996721F58A008006F03CA /* Info.plist */,
			);
			path = PiedraPapelyTijera;
			sourceTree = "<group>";
		};
/* End PBXGroup section */

/* Begin PBXNativeTarget section */
		AD3996621F58A008006F03CA /* PiedraPapelyTijera */ = {
			isa = PBXNativeTarget;
			buildConfigurationList = AD3996751F58A008006F03CA /* Build configuration list for PBXNativeTarget "PiedraPapelyTijera" */;
			buildPhases = (
				AD39965F1F58A008006F03CA /* Sources */,
				AD3996601F58A008006F03CA /* Frameworks */,
				AD3996611F58A008006F03CA /* Resources */,
			);
			buildRules = (
			);
			dependencies = (
			);
			name = PiedraPapelyTijera;
			productName = PiedraPapelyTijera;
			productReference = AD3996631F58A008006F03CA /* PiedraPapelyTijera.app */;
			productType = "com.apple.product-type.application";
		};
/* End PBXNativeTarget section */

/* Begin PBXProject section */
		AD39965B1F58A008006F03CA /* Project object */ = {
			isa = PBXProject;
			attributes = {
				LastSwiftUpdateCheck = 0830;
				LastUpgradeCheck = 0830;
				ORGANIZATIONNAME = "Pedro Antonio Vazquez Rodriguez";
				TargetAttributes = {
					AD3996621F58A008006F03CA = {
						CreatedOnToolsVersion = 8.3.2;
						DevelopmentTeam = 4YDAEX93RK;
						ProvisioningStyle = Automatic;
					};
				};
			};
			buildConfigurationList = AD39965E1F58A008006F03CA /* Build configuration list for PBXProject "PiedraPapelyTijera" */;
			compatibilityVersion = "Xcode 3.2";
			developmentRegion = English;
			hasScannedForEncodings = 0;
			knownRegions = (
				en,
				Base,
			);
			mainGroup = AD39965A1F58A008006F03CA;
			productRefGroup = AD3996641F58A008006F03CA /* Products */;
			projectDirPath = "";
			projectRoot = "";
			targets = (
				AD3996621F58A008006F03CA /* PiedraPapelyTijera */,
			);
		};
/* End PBXProject section */

/* Begin PBXResourcesBuildPhase section */
		AD3996611F58A008006F03CA /* Resources */ = {
			isa = PBXResourcesBuildPhase;
			buildActionMask = 2147483647;
			files = (
				AD3996711F58A008006F03CA /* LaunchScreen.storyboard in Resources */,
				AD39966E1F58A008006F03CA /* Assets.xcassets in Resources */,
				AD39966C1F58A008006F03CA /* Main.storyboard in Resources */,
			);
			runOnlyForDeploymentPostprocessing = 0;
		};
/* End PBXResourcesBuildPhase section */

/* Begin PBXSourcesBuildPhase section */
		AD39965F1F58A008006F03CA /* Sources */ = {
			isa = PBXSourcesBuildPhase;
			buildActionMask = 2147483647;
			files = (
				AD3996791F58A7F4006F03CA /* sgundoViewController.swift in Sources */,
				AD3996691F58A008006F03CA /* ViewController.swift in Sources */,
				AD3996671F58A008006F03CA /* AppDelegate.swift in Sources */,
			);
			runOnlyForDeploymentPostprocessing = 0;
		};
/* End PBXSourcesBuildPhase section */

/* Begin PBXVariantGroup section */
		AD39966A1F58A008006F03CA /* Main.storyboard */ = {
			isa = PBXVariantGroup;
			children = (
				AD39966B1F58A008006F03CA /* Base */,
			);
			name = Main.storyboard;
			sourceTree = "<group>";
		};
		AD39966F1F58A008006F03CA /* LaunchScreen.storyboard */ = {
			isa = PBXVariantGroup;
			children = (
				AD3996701F58A008006F03CA /* Base */,
			);
			name = LaunchScreen.storyboard;
			sourceTree = "<group>";
		};
/* End PBXVariantGroup section */

/* Begin XCBuildConfiguration section */
		AD3996731F58A008006F03CA /* Debug */ = {
			isa = XCBuildConfiguration;
			buildSettings = {
				ALWAYS_SEARCH_USER_PATHS = NO;
				CLANG_ANALYZER_NONNULL = YES;
				CLANG_ANALYZER_NUMBER_OBJECT_CONVERSION = YES_AGGRESSIVE;
				CLANG_CXX_LANGUAGE_STANDARD = "gnu++0x";
				CLANG_CXX_LIBRARY = "libc++";
				CLANG_ENABLE_MODULES = YES;
				CLANG_ENABLE_OBJC_ARC = YES;
				CLANG_WARN_BOOL_CONVERSION = YES;
				CLANG_WARN_CONSTANT_CONVERSION = YES;
				CLANG_WARN_DIRECT_OBJC_ISA_USAGE = YES_ERROR;
				CLANG_WARN_DOCUMENTATION_COMMENTS = YES;
				CLANG_WARN_EMPTY_BODY = YES;
				CLANG_WARN_ENUM_CONVERSION = YES;
				CLANG_WARN_INFINITE_RECURSION = YES;
				CLANG_WARN_INT_CONVERSION = YES;
				CLANG_WARN_OBJC_ROOT_CLASS = YES_ERROR;
				CLANG_WARN_SUSPICIOUS_MOVE = YES;
				CLANG_WARN_UNREACHABLE_CODE = YES;
				CLANG_WARN__DUPLICATE_METHOD_MATCH = YES;
				"CODE_SIGN_IDENTITY[sdk=iphoneos*]" = "iPhone Developer";
				COPY_PHASE_STRIP = NO;
				DEBUG_INFORMATION_FORMAT = dwarf;
				ENABLE_STRICT_OBJC_MSGSEND = YES;
				ENABLE_TESTABILITY = YES;
				GCC_C_LANGUAGE_STANDARD = gnu99;
				GCC_DYNAMIC_NO_PIC = NO;
				GCC_NO_COMMON_BLOCKS = YES;
				GCC_OPTIMIZATION_LEVEL = 0;
				GCC_PREPROCESSOR_DEFINITIONS = (
					"DEBUG=1",
					"$(inherited)",
				);
				GCC_WARN_64_TO_32_BIT_CONVERSION = YES;
				GCC_WARN_ABOUT_RETURN_TYPE = YES_ERROR;
				GCC_WARN_UNDECLARED_SELECTOR = YES;
				GCC_WARN_UNINITIALIZED_AUTOS = YES_AGGRESSIVE;
				GCC_WARN_UNUSED_FUNCTION = YES;
				GCC_WARN_UNUSED_VARIABLE = YES;
				IPHONEOS_DEPLOYMENT_TARGET = 10.3;
				MTL_ENABLE_DEBUG_INFO = YES;
				ONLY_ACTIVE_ARCH = YES;
				SDKROOT = iphoneos;
				SWIFT_ACTIVE_COMPILATION_CONDITIONS = DEBUG;
				SWIFT_OPTIMIZATION_LEVEL = "-Onone";
			};
			name = Debug;
		};
		AD3996741F58A008006F03CA /* Release */ = {
			isa = XCBuildConfiguration;
			buildSettings = {
				ALWAYS_SEARCH_USER_PATHS = NO;
				CLANG_ANALYZER_NONNULL = YES;
				CLANG_ANALYZER_NUMBER_OBJECT_CONVERSION = YES_AGGRESSIVE;
				CLANG_CXX_LANGUAGE_STANDARD = "gnu++0x";
				CLANG_CXX_LIBRARY = "libc++";
				CLANG_ENABLE_MODULES = YES;
				CLANG_ENABLE_OBJC_ARC = YES;
				CLANG_WARN_BOOL_CONVERSION = YES;
				CLANG_WARN_CONSTANT_CONVERSION = YES;
				CLANG_WARN_DIRECT_OBJC_ISA_USAGE = YES_ERROR;
				CLANG_WARN_DOCUMENTATION_COMMENTS = YES;
				CLANG_WARN_EMPTY_BODY = YES;
				CLANG_WARN_ENUM_CONVERSION = YES;
				CLANG_WARN_INFINITE_RECURSION = YES;
				CLANG_WARN_INT_CONVERSION = YES;
				CLANG_WARN_OBJC_ROOT_CLASS = YES_ERROR;
				CLANG_WARN_SUSPICIOUS_MOVE = YES;
				CLANG_WARN_UNREACHABLE_CODE = YES;
				CLANG_WARN__DUPLICATE_METHOD_MATCH = YES;
				"CODE_SIGN_IDENTITY[sdk=iphoneos*]" = "iPhone Developer";
				COPY_PHASE_STRIP = NO;
				DEBUG_INFORMATION_FORMAT = "dwarf-with-dsym";
				ENABLE_NS_ASSERTIONS = NO;
				ENABLE_STRICT_OBJC_MSGSEND = YES;
				GCC_C_LANGUAGE_STANDARD = gnu99;
				GCC_NO_COMMON_BLOCKS = YES;
				GCC_WARN_64_TO_32_BIT_CONVERSION = YES;
				GCC_WARN_ABOUT_RETURN_TYPE = YES_ERROR;
				GCC_WARN_UNDECLARED_SELECTOR = YES;
				GCC_WARN_UNINITIALIZED_AUTOS = YES_AGGRESSIVE;
				GCC_WARN_UNUSED_FUNCTION = YES;
				GCC_WARN_UNUSED_VARIABLE = YES;
				IPHONEOS_DEPLOYMENT_TARGET = 10.3;
				MTL_ENABLE_DEBUG_INFO = NO;
				SDKROOT = iphoneos;
				SWIFT_OPTIMIZATION_LEVEL = "-Owholemodule";
				VALIDATE_PRODUCT = YES;
			};
			name = Release;
		};
		AD3996761F58A008006F03CA /* Debug */ = {
			isa = XCBuildConfiguration;
			buildSettings = {
				ASSETCATALOG_COMPILER_APPICON_NAME = AppIcon;
				DEVELOPMENT_TEAM = 4YDAEX93RK;
				INFOPLIST_FILE = PiedraPapelyTijera/Info.plist;
				LD_RUNPATH_SEARCH_PATHS = "$(inherited) @executable_path/Frameworks";
				PRODUCT_BUNDLE_IDENTIFIER = mx.appLab.PiedraPapelyTijera;
				PRODUCT_NAME = "$(TARGET_NAME)";
				SWIFT_VERSION = 3.0;
				TARGETED_DEVICE_FAMILY = "1,2";
			};
			name = Debug;
		};
		AD3996771F58A008006F03CA /* Release */ = {
			isa = XCBuildConfiguration;
			buildSettings = {
				ASSETCATALOG_COMPILER_APPICON_NAME = AppIcon;
				DEVELOPMENT_TEAM = 4YDAEX93RK;
				INFOPLIST_FILE = PiedraPapelyTijera/Info.plist;
				LD_RUNPATH_SEARCH_PATHS = "$(inherited) @executable_path/Frameworks";
				PRODUCT_BUNDLE_IDENTIFIER = mx.appLab.PiedraPapelyTijera;
				PRODUCT_NAME = "$(TARGET_NAME)";
				SWIFT_VERSION = 3.0;
				TARGETED_DEVICE_FAMILY = "1,2";
			};
			name = Release;
		};
/* End XCBuildConfiguration section */

/* Begin XCConfigurationList section */
		AD39965E1F58A008006F03CA /* Build configuration list for PBXProject "PiedraPapelyTijera" */ = {
			isa = XCConfigurationList;
			buildConfigurations = (
				AD3996731F58A008006F03CA /* Debug */,
				AD3996741F58A008006F03CA /* Release */,
			);
			defaultConfigurationIsVisible = 0;
			defaultConfigurationName = Release;
		};
		AD3996751F58A008006F03CA /* Build configuration list for PBXNativeTarget "PiedraPapelyTijera" */ = {
			isa = XCConfigurationList;
			buildConfigurations = (
				AD3996761F58A008006F03CA /* Debug */,
				AD3996771F58A008006F03CA /* Release */,
			);
			defaultConfigurationIsVisible = 0;
			defaultConfigurationName = Release;
		};
/* End XCConfigurationList section */
	};
	rootObject = AD39965B1F58A008006F03CA /* Project object */;
}
